
Microsoft Visual Studio Solution File, Format Version 12.00
# Visual Studio Version 16
VisualStudioVersion = 16.0.30907.101
MinimumVisualStudioVersion = 10.0.40219.1
Project("{FAE04EC0-301F-11D3-BF4B-00C04F79EFBC}") = "EndlessModding", "EndlessModding\EndlessModding.csproj", "{18390A29-ADF9-4F29-BB15-322B9D33983B}"
EndProject
Project("{FAE04EC0-301F-11D3-BF4B-00C04F79EFBC}") = "GenerateXSD", "GenerateXSD\GenerateXSD.csproj", "{C7DF3F1E-2651-4754-A421-905F7C5DF77B}"
EndProject
Global
	GlobalSection(SolutionConfigurationPlatforms) = preSolution
		Debug|Any CPU = Debug|Any CPU
		Debug|x64 = Debug|x64
		Debug|x86 = Debug|x86
		Release|Any CPU = Release|Any CPU
		Release|x64 = Release|x64
		Release|x86 = Release|x86
	EndGlobalSection
	GlobalSection(ProjectConfigurationPlatforms) = postSolution
		{18390A29-ADF9-4F29-BB15-322B9D33983B}.Debug|Any CPU.ActiveCfg = Debug|Any CPU
		{18390A29-ADF9-4F29-BB15-322B9D33983B}.Debug|Any CPU.Build.0 = Debug|Any CPU
		{18390A29-ADF9-4F29-BB15-322B9D33983B}.Debug|x64.ActiveCfg = Debug|Any CPU
		{18390A29-ADF9-4F29-BB15-322B9D33983B}.Debug|x64.Build.0 = Debug|Any CPU
		{18390A29-ADF9-4F29-BB15-322B9D33983B}.Debug|x86.ActiveCfg = Debug|Any CPU
		{18390A29-ADF9-4F29-BB15-322B9D33983B}.Debug|x86.Build.0 = Debug|Any CPU
		{18390A29-ADF9-4F29-BB15-322B9D33983B}.Release|Any CPU.ActiveCfg = Release|Any CPU
		{18390A29-ADF9-4F29-BB15-322B9D33983B}.Release|Any CPU.Build.0 = Release|Any CPU
		{18390A29-ADF9-4F29-BB15-322B9D33983B}.Release|x64.ActiveCfg = Release|Any CPU
		{18390A29-ADF9-4F29-BB15-322B9D33983B}.Release|x64.Build.0 = Release|Any CPU
		{18390A29-ADF9-4F29-BB15-322B9D33983B}.Release|x86.ActiveCfg = Release|Any CPU
		{18390A29-ADF9-4F29-BB15-322B9D33983B}.Release|x86.Build.0 = Release|Any CPU
		{C7DF3F1E-2651-4754-A421-905F7C5DF77B}.Debug|Any CPU.ActiveCfg = Debug|Any CPU
		{C7DF3F1E-2651-4754-A421-905F7C5DF77B}.Debug|Any CPU.Build.0 = Debug|Any CPU
		{C7DF3F1E-2651-4754-A421-905F7C5DF77B}.Debug|x64.ActiveCfg = Debug|Any CPU
		{C7DF3F1E-2651-4754-A421-905F7C5DF77B}.Debug|x64.Build.0 = Debug|Any CPU
		{C7DF3F1E-2651-4754-A421-905F7C5DF77B}.Debug|x86.ActiveCfg = Debug|Any CPU
		{C7DF3F1E-2651-4754-A421-905F7C5DF77B}.Debug|x86.Build.0 = Debug|Any CPU
		{C7DF3F1E-2651-4754-A421-905F7C5DF77B}.Release|Any CPU.ActiveCfg = Release|Any CPU
		{C7DF3F1E-2651-4754-A421-905F7C5DF77B}.Release|Any CPU.Build.0 = Release|Any CPU
		{C7DF3F1E-2651-4754-A421-905F7C5DF77B}.Release|x64.ActiveCfg = Release|Any CPU
		{C7DF3F1E-2651-4754-A421-905F7C5DF77B}.Release|x64.Build.0 = Release|Any CPU
		{C7DF3F1E-2651-4754-A421-905F7C5DF77B}.Release|x86.ActiveCfg = Release|Any CPU
		{C7DF3F1E-2651-4754-A421-905F7C5DF77B}.Release|x86.Build.0 = Release|Any CPU
	EndGlobalSection
	GlobalSection(SolutionProperties) = preSolution
		HideSolutionNode = FALSE
	EndGlobalSection
	GlobalSection(ExtensibilityGlobals) = postSolution
		SolutionGuid = {FB21B48B-7EBF-4E0A-8A1E-D35AB39A3095}
	EndGlobalSection
EndGlobal
